// !$*UTF8*$!
{
	archiveVersion = 1;
	classes = {
	};
	objectVersion = 46;
	objects = {

/* Begin PBXBuildFile section */
		434B4CF8159CF99B00BEE859 /* icon-iphone-pathmove-57x57.png in Resources */ = {isa = PBXBuildFile; fileRef = 434B4CF7159CF99B00BEE859 /* icon-iphone-pathmove-57x57.png */; };
		434B4CFB159CF9A700BEE859 /* icon-iphone-pathmove-114x114.png in Resources */ = {isa = PBXBuildFile; fileRef = 434B4CFA159CF9A700BEE859 /* icon-iphone-pathmove-114x114.png */; };
		434B4D00159CFA2E00BEE859 /* ghost.png in Resources */ = {isa = PBXBuildFile; fileRef = 434B4CFC159CFA2E00BEE859 /* ghost.png */; };
		434B4D01159CFA2E00BEE859 /* ghost@2x.png in Resources */ = {isa = PBXBuildFile; fileRef = 434B4CFD159CFA2E00BEE859 /* ghost@2x.png */; };
		434B4D02159CFA2E00BEE859 /* ghostBig.png in Resources */ = {isa = PBXBuildFile; fileRef = 434B4CFE159CFA2E00BEE859 /* ghostBig.png */; };
		434B4D03159CFA2E00BEE859 /* ghostBig@2x.png in Resources */ = {isa = PBXBuildFile; fileRef = 434B4CFF159CFA2E00BEE859 /* ghostBig@2x.png */; };
		43694E6D163D887B0011DE50 /* Default-568h@2x.png in Resources */ = {isa = PBXBuildFile; fileRef = 43694E6C163D887B0011DE50 /* Default-568h@2x.png */; };
		438E9BD315A1BD1F00F5588B /* pathmoveIconImage.png in Resources */ = {isa = PBXBuildFile; fileRef = 438E9BD115A1BD1F00F5588B /* pathmoveIconImage.png */; };
		438E9BD415A1BD1F00F5588B /* pathmoveIconImage@2x.png in Resources */ = {isa = PBXBuildFile; fileRef = 438E9BD215A1BD1F00F5588B /* pathmoveIconImage@2x.png */; };
		438E9BD515A1BE0500F5588B /* JdCreditsController.m in Sources */ = {isa = PBXBuildFile; fileRef = 438E9BCE15A1BAF900F5588B /* JdCreditsController.m */; };
		438E9BE415A1E70800F5588B /* JdCreditsController.xib in Resources */ = {isa = PBXBuildFile; fileRef = 438E9BCF15A1BAF900F5588B /* JdCreditsController.xib */; };
		43F49C49151B6EE200E8124F /* UIKit.framework in Frameworks */ = {isa = PBXBuildFile; fileRef = 43F49C48151B6EE200E8124F /* UIKit.framework */; };
		43F49C4B151B6EE200E8124F /* Foundation.framework in Frameworks */ = {isa = PBXBuildFile; fileRef = 43F49C4A151B6EE200E8124F /* Foundation.framework */; };
		43F49C4D151B6EE200E8124F /* CoreGraphics.framework in Frameworks */ = {isa = PBXBuildFile; fileRef = 43F49C4C151B6EE200E8124F /* CoreGraphics.framework */; };
		43F49C53151B6EE200E8124F /* InfoPlist.strings in Resources */ = {isa = PBXBuildFile; fileRef = 43F49C51151B6EE200E8124F /* InfoPlist.strings */; };
		43F49C55151B6EE200E8124F /* main.m in Sources */ = {isa = PBXBuildFile; fileRef = 43F49C54151B6EE200E8124F /* main.m */; };
		43F49C59151B6EE200E8124F /* JdAppDelegate.m in Sources */ = {isa = PBXBuildFile; fileRef = 43F49C58151B6EE200E8124F /* JdAppDelegate.m */; };
		43F49C63151B6F2B00E8124F /* annotated.png in Resources */ = {isa = PBXBuildFile; fileRef = 43F49C60151B6F2B00E8124F /* annotated.png */; };
		43F49C64151B6F2B00E8124F /* main.png in Resources */ = {isa = PBXBuildFile; fileRef = 43F49C61151B6F2B00E8124F /* main.png */; };
		43F49C65151B6F2B00E8124F /* setup.png in Resources */ = {isa = PBXBuildFile; fileRef = 43F49C62151B6F2B00E8124F /* setup.png */; };
		43F49C67151B6F3600E8124F /* README.md in Resources */ = {isa = PBXBuildFile; fileRef = 43F49C66151B6F3600E8124F /* README.md */; };
		43F49C6D151B6F5200E8124F /* Default.png in Resources */ = {isa = PBXBuildFile; fileRef = 43F49C6C151B6F5200E8124F /* Default.png */; };
		43F49C6F151B6F5500E8124F /* Default@2x.png in Resources */ = {isa = PBXBuildFile; fileRef = 43F49C6E151B6F5500E8124F /* Default@2x.png */; };
		43F49C89151B6FD200E8124F /* JdBezierPath.m in Sources */ = {isa = PBXBuildFile; fileRef = 43F49C7B151B6FD200E8124F /* JdBezierPath.m */; };
		43F49C8A151B6FD200E8124F /* JdBezierPoint.m in Sources */ = {isa = PBXBuildFile; fileRef = 43F49C7D151B6FD200E8124F /* JdBezierPoint.m */; };
		43F49C8B151B6FD200E8124F /* JdConfiguration.m in Sources */ = {isa = PBXBuildFile; fileRef = 43F49C7F151B6FD200E8124F /* JdConfiguration.m */; };
		43F49C8C151B6FD200E8124F /* JdGraphicView.m in Sources */ = {isa = PBXBuildFile; fileRef = 43F49C81151B6FD200E8124F /* JdGraphicView.m */; };
		43F49C8D151B6FD200E8124F /* JdSetupViewController.m in Sources */ = {isa = PBXBuildFile; fileRef = 43F49C83151B6FD200E8124F /* JdSetupViewController.m */; };
		43F49C8E151B6FD200E8124F /* JdSetupViewController.xib in Resources */ = {isa = PBXBuildFile; fileRef = 43F49C84151B6FD200E8124F /* JdSetupViewController.xib */; };
		43F49C8F151B6FD200E8124F /* JdViewController.m in Sources */ = {isa = PBXBuildFile; fileRef = 43F49C86151B6FD200E8124F /* JdViewController.m */; };
		43F49C95151B707100E8124F /* QuartzCore.framework in Frameworks */ = {isa = PBXBuildFile; fileRef = 43F49C94151B707100E8124F /* QuartzCore.framework */; };
/* End PBXBuildFile section */

/* Begin PBXFileReference section */
		434B4CF7159CF99B00BEE859 /* icon-iphone-pathmove-57x57.png */ = {isa = PBXFileReference; lastKnownFileType = image.png; path = "icon-iphone-pathmove-57x57.png"; sourceTree = "<group>"; };
		434B4CFA159CF9A700BEE859 /* icon-iphone-pathmove-114x114.png */ = {isa = PBXFileReference; lastKnownFileType = image.png; path = "icon-iphone-pathmove-114x114.png"; sourceTree = "<group>"; };
		434B4CFC159CFA2E00BEE859 /* ghost.png */ = {isa = PBXFileReference; lastKnownFileType = image.png; path = ghost.png; sourceTree = "<group>"; };
		434B4CFD159CFA2E00BEE859 /* ghost@2x.png */ = {isa = PBXFileReference; lastKnownFileType = image.png; path = "ghost@2x.png"; sourceTree = "<group>"; };
		434B4CFE159CFA2E00BEE859 /* ghostBig.png */ = {isa = PBXFileReference; lastKnownFileType = image.png; path = ghostBig.png; sourceTree = "<group>"; };
		434B4CFF159CFA2E00BEE859 /* ghostBig@2x.png */ = {isa = PBXFileReference; lastKnownFileType = image.png; path = "ghostBig@2x.png"; sourceTree = "<group>"; };
		43694E6C163D887B0011DE50 /* Default-568h@2x.png */ = {isa = PBXFileReference; lastKnownFileType = image.png; path = "Default-568h@2x.png"; sourceTree = "<group>"; };
		438E9BCD15A1BAF900F5588B /* JdCreditsController.h */ = {isa = PBXFileReference; lastKnownFileType = sourcecode.c.h; path = JdCreditsController.h; sourceTree = "<group>"; };
		438E9BCE15A1BAF900F5588B /* JdCreditsController.m */ = {isa = PBXFileReference; lastKnownFileType = sourcecode.c.objc; path = JdCreditsController.m; sourceTree = "<group>"; };
		438E9BCF15A1BAF900F5588B /* JdCreditsController.xib */ = {isa = PBXFileReference; lastKnownFileType = file.xib; path = JdCreditsController.xib; sourceTree = "<group>"; };
		438E9BD115A1BD1F00F5588B /* pathmoveIconImage.png */ = {isa = PBXFileReference; lastKnownFileType = image.png; path = pathmoveIconImage.png; sourceTree = "<group>"; };
		438E9BD215A1BD1F00F5588B /* pathmoveIconImage@2x.png */ = {isa = PBXFileReference; lastKnownFileType = image.png; path = "pathmoveIconImage@2x.png"; sourceTree = "<group>"; };
		43F49C44151B6EE200E8124F /* PathMove.app */ = {isa = PBXFileReference; explicitFileType = wrapper.application; includeInIndex = 0; path = PathMove.app; sourceTree = BUILT_PRODUCTS_DIR; };
		43F49C48151B6EE200E8124F /* UIKit.framework */ = {isa = PBXFileReference; lastKnownFileType = wrapper.framework; name = UIKit.framework; path = System/Library/Frameworks/UIKit.framework; sourceTree = SDKROOT; };
		43F49C4A151B6EE200E8124F /* Foundation.framework */ = {isa = PBXFileReference; lastKnownFileType = wrapper.framework; name = Foundation.framework; path = System/Library/Frameworks/Foundation.framework; sourceTree = SDKROOT; };
		43F49C4C151B6EE200E8124F /* CoreGraphics.framework */ = {isa = PBXFileReference; lastKnownFileType = wrapper.framework; name = CoreGraphics.framework; path = System/Library/Frameworks/CoreGraphics.framework; sourceTree = SDKROOT; };
		43F49C50151B6EE200E8124F /* PathMove-Info.plist */ = {isa = PBXFileReference; lastKnownFileType = text.plist.xml; path = "PathMove-Info.plist"; sourceTree = "<group>"; };
		43F49C52151B6EE200E8124F /* en */ = {isa = PBXFileReference; lastKnownFileType = text.plist.strings; name = en; path = en.lproj/InfoPlist.strings; sourceTree = "<group>"; };
		43F49C54151B6EE200E8124F /* main.m */ = {isa = PBXFileReference; lastKnownFileType = sourcecode.c.objc; path = main.m; sourceTree = "<group>"; };
		43F49C56151B6EE200E8124F /* PathMove-Prefix.pch */ = {isa = PBXFileReference; lastKnownFileType = sourcecode.c.h; path = "PathMove-Prefix.pch"; sourceTree = "<group>"; };
		43F49C57151B6EE200E8124F /* JdAppDelegate.h */ = {isa = PBXFileReference; lastKnownFileType = sourcecode.c.h; path = JdAppDelegate.h; sourceTree = "<group>"; };
		43F49C58151B6EE200E8124F /* JdAppDelegate.m */ = {isa = PBXFileReference; lastKnownFileType = sourcecode.c.objc; path = JdAppDelegate.m; sourceTree = "<group>"; };
		43F49C60151B6F2B00E8124F /* annotated.png */ = {isa = PBXFileReference; lastKnownFileType = image.png; path = annotated.png; sourceTree = "<group>"; };
		43F49C61151B6F2B00E8124F /* main.png */ = {isa = PBXFileReference; lastKnownFileType = image.png; path = main.png; sourceTree = "<group>"; };
		43F49C62151B6F2B00E8124F /* setup.png */ = {isa = PBXFileReference; lastKnownFileType = image.png; path = setup.png; sourceTree = "<group>"; };
		43F49C66151B6F3600E8124F /* README.md */ = {isa = PBXFileReference; fileEncoding = 4; lastKnownFileType = text; path = README.md; sourceTree = "<group>"; };
		43F49C6C151B6F5200E8124F /* Default.png */ = {isa = PBXFileReference; lastKnownFileType = image.png; path = Default.png; sourceTree = "<group>"; };
		43F49C6E151B6F5500E8124F /* Default@2x.png */ = {isa = PBXFileReference; lastKnownFileType = image.png; path = "Default@2x.png"; sourceTree = "<group>"; };
		43F49C7A151B6FD200E8124F /* JdBezierPath.h */ = {isa = PBXFileReference; fileEncoding = 4; lastKnownFileType = sourcecode.c.h; path = JdBezierPath.h; sourceTree = "<group>"; };
		43F49C7B151B6FD200E8124F /* JdBezierPath.m */ = {isa = PBXFileReference; fileEncoding = 4; lastKnownFileType = sourcecode.c.objc; path = JdBezierPath.m; sourceTree = "<group>"; };
		43F49C7C151B6FD200E8124F /* JdBezierPoint.h */ = {isa = PBXFileReference; fileEncoding = 4; lastKnownFileType = sourcecode.c.h; path = JdBezierPoint.h; sourceTree = "<group>"; };
		43F49C7D151B6FD200E8124F /* JdBezierPoint.m */ = {isa = PBXFileReference; fileEncoding = 4; lastKnownFileType = sourcecode.c.objc; path = JdBezierPoint.m; sourceTree = "<group>"; };
		43F49C7E151B6FD200E8124F /* JdConfiguration.h */ = {isa = PBXFileReference; fileEncoding = 4; lastKnownFileType = sourcecode.c.h; path = JdConfiguration.h; sourceTree = "<group>"; };
		43F49C7F151B6FD200E8124F /* JdConfiguration.m */ = {isa = PBXFileReference; fileEncoding = 4; lastKnownFileType = sourcecode.c.objc; path = JdConfiguration.m; sourceTree = "<group>"; };
		43F49C80151B6FD200E8124F /* JdGraphicView.h */ = {isa = PBXFileReference; fileEncoding = 4; lastKnownFileType = sourcecode.c.h; path = JdGraphicView.h; sourceTree = "<group>"; };
		43F49C81151B6FD200E8124F /* JdGraphicView.m */ = {isa = PBXFileReference; fileEncoding = 4; lastKnownFileType = sourcecode.c.objc; path = JdGraphicView.m; sourceTree = "<group>"; };
		43F49C82151B6FD200E8124F /* JdSetupViewController.h */ = {isa = PBXFileReference; fileEncoding = 4; lastKnownFileType = sourcecode.c.h; path = JdSetupViewController.h; sourceTree = "<group>"; };
		43F49C83151B6FD200E8124F /* JdSetupViewController.m */ = {isa = PBXFileReference; fileEncoding = 4; lastKnownFileType = sourcecode.c.objc; path = JdSetupViewController.m; sourceTree = "<group>"; };
		43F49C84151B6FD200E8124F /* JdSetupViewController.xib */ = {isa = PBXFileReference; fileEncoding = 4; lastKnownFileType = file.xib; path = JdSetupViewController.xib; sourceTree = "<group>"; };
		43F49C85151B6FD200E8124F /* JdViewController.h */ = {isa = PBXFileReference; fileEncoding = 4; lastKnownFileType = sourcecode.c.h; path = JdViewController.h; sourceTree = "<group>"; };
		43F49C86151B6FD200E8124F /* JdViewController.m */ = {isa = PBXFileReference; fileEncoding = 4; lastKnownFileType = sourcecode.c.objc; path = JdViewController.m; sourceTree = "<group>"; };
		43F49C87151B6FD200E8124F /* PathDefinitions.h */ = {isa = PBXFileReference; fileEncoding = 4; lastKnownFileType = sourcecode.c.h; path = PathDefinitions.h; sourceTree = "<group>"; };
		43F49C88151B6FD200E8124F /* SizeChangeDefinitions.h */ = {isa = PBXFileReference; fileEncoding = 4; lastKnownFileType = sourcecode.c.h; path = SizeChangeDefinitions.h; sourceTree = "<group>"; };
		43F49C94151B707100E8124F /* QuartzCore.framework */ = {isa = PBXFileReference; lastKnownFileType = wrapper.framework; name = QuartzCore.framework; path = System/Library/Frameworks/QuartzCore.framework; sourceTree = SDKROOT; };
/* End PBXFileReference section */

/* Begin PBXFrameworksBuildPhase section */
		43F49C41151B6EE200E8124F /* Frameworks */ = {
			isa = PBXFrameworksBuildPhase;
			buildActionMask = 2147483647;
			files = (
				43F49C95151B707100E8124F /* QuartzCore.framework in Frameworks */,
				43F49C49151B6EE200E8124F /* UIKit.framework in Frameworks */,
				43F49C4B151B6EE200E8124F /* Foundation.framework in Frameworks */,
				43F49C4D151B6EE200E8124F /* CoreGraphics.framework in Frameworks */,
			);
			runOnlyForDeploymentPostprocessing = 0;
		};
/* End PBXFrameworksBuildPhase section */

/* Begin PBXGroup section */
		43F49C39151B6EE200E8124F = {
			isa = PBXGroup;
			children = (
				43F49C70151B6F6C00E8124F /* iOS */,
				43F49C5F151B6F0D00E8124F /* GitHub */,
				43F49C4E151B6EE200E8124F /* PathMove */,
				43F49C47151B6EE200E8124F /* Frameworks */,
				43F49C45151B6EE200E8124F /* Products */,
			);
			sourceTree = "<group>";
		};
		43F49C45151B6EE200E8124F /* Products */ = {
			isa = PBXGroup;
			children = (
				43F49C44151B6EE200E8124F /* PathMove.app */,
			);
			name = Products;
			sourceTree = "<group>";
		};
		43F49C47151B6EE200E8124F /* Frameworks */ = {
			isa = PBXGroup;
			children = (
				43F49C94151B707100E8124F /* QuartzCore.framework */,
				43F49C48151B6EE200E8124F /* UIKit.framework */,
				43F49C4A151B6EE200E8124F /* Foundation.framework */,
				43F49C4C151B6EE200E8124F /* CoreGraphics.framework */,
			);
			name = Frameworks;
			sourceTree = "<group>";
		};
		43F49C4E151B6EE200E8124F /* PathMove */ = {
			isa = PBXGroup;
			children = (
				438E9BCD15A1BAF900F5588B /* JdCreditsController.h */,
				438E9BCE15A1BAF900F5588B /* JdCreditsController.m */,
				438E9BCF15A1BAF900F5588B /* JdCreditsController.xib */,
				43F49C7A151B6FD200E8124F /* JdBezierPath.h */,
				43F49C7B151B6FD200E8124F /* JdBezierPath.m */,
				43F49C7C151B6FD200E8124F /* JdBezierPoint.h */,
				43F49C7D151B6FD200E8124F /* JdBezierPoint.m */,
				43F49C7E151B6FD200E8124F /* JdConfiguration.h */,
				43F49C7F151B6FD200E8124F /* JdConfiguration.m */,
				43F49C80151B6FD200E8124F /* JdGraphicView.h */,
				43F49C81151B6FD200E8124F /* JdGraphicView.m */,
				43F49C82151B6FD200E8124F /* JdSetupViewController.h */,
				43F49C83151B6FD200E8124F /* JdSetupViewController.m */,
				43F49C84151B6FD200E8124F /* JdSetupViewController.xib */,
				43F49C85151B6FD200E8124F /* JdViewController.h */,
				43F49C86151B6FD200E8124F /* JdViewController.m */,
				43F49C87151B6FD200E8124F /* PathDefinitions.h */,
				43F49C88151B6FD200E8124F /* SizeChangeDefinitions.h */,
				43F49C71151B6F7D00E8124F /* Graphics */,
				43F49C57151B6EE200E8124F /* JdAppDelegate.h */,
				43F49C58151B6EE200E8124F /* JdAppDelegate.m */,
				43F49C4F151B6EE200E8124F /* Supporting Files */,
			);
			path = PathMove;
			sourceTree = "<group>";
		};
		43F49C4F151B6EE200E8124F /* Supporting Files */ = {
			isa = PBXGroup;
			children = (
				43F49C50151B6EE200E8124F /* PathMove-Info.plist */,
				43F49C51151B6EE200E8124F /* InfoPlist.strings */,
				43F49C54151B6EE200E8124F /* main.m */,
				43F49C56151B6EE200E8124F /* PathMove-Prefix.pch */,
			);
			name = "Supporting Files";
			sourceTree = "<group>";
		};
		43F49C5F151B6F0D00E8124F /* GitHub */ = {
			isa = PBXGroup;
			children = (
				43F49C66151B6F3600E8124F /* README.md */,
				43F49C60151B6F2B00E8124F /* annotated.png */,
				43F49C61151B6F2B00E8124F /* main.png */,
				43F49C62151B6F2B00E8124F /* setup.png */,
			);
			name = GitHub;
			sourceTree = "<group>";
		};
		43F49C70151B6F6C00E8124F /* iOS */ = {
			isa = PBXGroup;
			children = (
				43F49C6C151B6F5200E8124F /* Default.png */,
				43F49C6E151B6F5500E8124F /* Default@2x.png */,
				43694E6C163D887B0011DE50 /* Default-568h@2x.png */,
				434B4CF7159CF99B00BEE859 /* icon-iphone-pathmove-57x57.png */,
				434B4CFA159CF9A700BEE859 /* icon-iphone-pathmove-114x114.png */,
				438E9BD115A1BD1F00F5588B /* pathmoveIconImage.png */,
				438E9BD215A1BD1F00F5588B /* pathmoveIconImage@2x.png */,
			);
			name = iOS;
			sourceTree = "<group>";
		};
		43F49C71151B6F7D00E8124F /* Graphics */ = {
			isa = PBXGroup;
			children = (
				434B4CFC159CFA2E00BEE859 /* ghost.png */,
				434B4CFD159CFA2E00BEE859 /* ghost@2x.png */,
				434B4CFE159CFA2E00BEE859 /* ghostBig.png */,
				434B4CFF159CFA2E00BEE859 /* ghostBig@2x.png */,
			);
			name = Graphics;
			sourceTree = "<group>";
		};
/* End PBXGroup section */

/* Begin PBXNativeTarget section */
		43F49C43151B6EE200E8124F /* PathMove */ = {
			isa = PBXNativeTarget;
			buildConfigurationList = 43F49C5C151B6EE200E8124F /* Build configuration list for PBXNativeTarget "PathMove" */;
			buildPhases = (
				43F49C40151B6EE200E8124F /* Sources */,
				43F49C41151B6EE200E8124F /* Frameworks */,
				43F49C42151B6EE200E8124F /* Resources */,
			);
			buildRules = (
			);
			dependencies = (
			);
			name = PathMove;
			productName = PathMove;
			productReference = 43F49C44151B6EE200E8124F /* PathMove.app */;
			productType = "com.apple.product-type.application";
		};
/* End PBXNativeTarget section */

/* Begin PBXProject section */
		43F49C3B151B6EE200E8124F /* Project object */ = {
			isa = PBXProject;
			attributes = {
				LastUpgradeCheck = 0430;
				ORGANIZATIONNAME = "Joalah Designs LLC";
			};
			buildConfigurationList = 43F49C3E151B6EE200E8124F /* Build configuration list for PBXProject "PathMove" */;
			compatibilityVersion = "Xcode 3.2";
			developmentRegion = English;
			hasScannedForEncodings = 0;
			knownRegions = (
				en,
			);
			mainGroup = 43F49C39151B6EE200E8124F;
			productRefGroup = 43F49C45151B6EE200E8124F /* Products */;
			projectDirPath = "";
			projectRoot = "";
			targets = (
				43F49C43151B6EE200E8124F /* PathMove */,
			);
		};
/* End PBXProject section */

/* Begin PBXResourcesBuildPhase section */
		43F49C42151B6EE200E8124F /* Resources */ = {
			isa = PBXResourcesBuildPhase;
			buildActionMask = 2147483647;
			files = (
				438E9BE415A1E70800F5588B /* JdCreditsController.xib in Resources */,
				43F49C53151B6EE200E8124F /* InfoPlist.strings in Resources */,
				43F49C63151B6F2B00E8124F /* annotated.png in Resources */,
				43F49C64151B6F2B00E8124F /* main.png in Resources */,
				43F49C65151B6F2B00E8124F /* setup.png in Resources */,
				43F49C67151B6F3600E8124F /* README.md in Resources */,
				43F49C6D151B6F5200E8124F /* Default.png in Resources */,
				43F49C6F151B6F5500E8124F /* Default@2x.png in Resources */,
				43F49C8E151B6FD200E8124F /* JdSetupViewController.xib in Resources */,
				434B4CF8159CF99B00BEE859 /* icon-iphone-pathmove-57x57.png in Resources */,
				434B4CFB159CF9A700BEE859 /* icon-iphone-pathmove-114x114.png in Resources */,
				434B4D00159CFA2E00BEE859 /* ghost.png in Resources */,
				434B4D01159CFA2E00BEE859 /* ghost@2x.png in Resources */,
				434B4D02159CFA2E00BEE859 /* ghostBig.png in Resources */,
				434B4D03159CFA2E00BEE859 /* ghostBig@2x.png in Resources */,
				438E9BD315A1BD1F00F5588B /* pathmoveIconImage.png in Resources */,
				438E9BD415A1BD1F00F5588B /* pathmoveIconImage@2x.png in Resources */,
				43694E6D163D887B0011DE50 /* Default-568h@2x.png in Resources */,
			);
			runOnlyForDeploymentPostprocessing = 0;
		};
/* End PBXResourcesBuildPhase section */

/* Begin PBXSourcesBuildPhase section */
		43F49C40151B6EE200E8124F /* Sources */ = {
			isa = PBXSourcesBuildPhase;
			buildActionMask = 2147483647;
			files = (
				43F49C55151B6EE200E8124F /* main.m in Sources */,
				43F49C59151B6EE200E8124F /* JdAppDelegate.m in Sources */,
				43F49C89151B6FD200E8124F /* JdBezierPath.m in Sources */,
				43F49C8A151B6FD200E8124F /* JdBezierPoint.m in Sources */,
				43F49C8B151B6FD200E8124F /* JdConfiguration.m in Sources */,
				438E9BD515A1BE0500F5588B /* JdCreditsController.m in Sources */,
				43F49C8C151B6FD200E8124F /* JdGraphicView.m in Sources */,
				43F49C8D151B6FD200E8124F /* JdSetupViewController.m in Sources */,
				43F49C8F151B6FD200E8124F /* JdViewController.m in Sources */,
			);
			runOnlyForDeploymentPostprocessing = 0;
		};
/* End PBXSourcesBuildPhase section */

/* Begin PBXVariantGroup section */
		43F49C51151B6EE200E8124F /* InfoPlist.strings */ = {
			isa = PBXVariantGroup;
			children = (
				43F49C52151B6EE200E8124F /* en */,
			);
			name = InfoPlist.strings;
			sourceTree = "<group>";
		};
/* End PBXVariantGroup section */

/* Begin XCBuildConfiguration section */
		43F49C5A151B6EE200E8124F /* Debug */ = {
			isa = XCBuildConfiguration;
			buildSettings = {
				ALWAYS_SEARCH_USER_PATHS = NO;
				ARCHS = "$(ARCHS_STANDARD_32_BIT)";
				CLANG_ENABLE_OBJC_ARC = YES;
				"CODE_SIGN_IDENTITY[sdk=iphoneos*]" = "iPhone Developer";
				COPY_PHASE_STRIP = NO;
				GCC_C_LANGUAGE_STANDARD = gnu99;
				GCC_DYNAMIC_NO_PIC = NO;
				GCC_OPTIMIZATION_LEVEL = 0;
				GCC_PREPROCESSOR_DEFINITIONS = (
					"DEBUG=1",
					"$(inherited)",
				);
				GCC_SYMBOLS_PRIVATE_EXTERN = NO;
				GCC_VERSION = com.apple.compilers.llvm.clang.1_0;
				GCC_WARN_ABOUT_MISSING_PROTOTYPES = YES;
				GCC_WARN_ABOUT_RETURN_TYPE = YES;
				GCC_WARN_UNUSED_VARIABLE = YES;
				IPHONEOS_DEPLOYMENT_TARGET = 5.0;
				SDKROOT = iphoneos;
			};
			name = Debug;
		};
		43F49C5B151B6EE200E8124F /* Release */ = {
			isa = XCBuildConfiguration;
			buildSettings = {
				ALWAYS_SEARCH_USER_PATHS = NO;
				ARCHS = "$(ARCHS_STANDARD_32_BIT)";
				CLANG_ENABLE_OBJC_ARC = YES;
				"CODE_SIGN_IDENTITY[sdk=iphoneos*]" = "iPhone Developer";
				COPY_PHASE_STRIP = YES;
				GCC_C_LANGUAGE_STANDARD = gnu99;
				GCC_VERSION = com.apple.compilers.llvm.clang.1_0;
				GCC_WARN_ABOUT_MISSING_PROTOTYPES = YES;
				GCC_WARN_ABOUT_RETURN_TYPE = YES;
				GCC_WARN_UNUSED_VARIABLE = YES;
				IPHONEOS_DEPLOYMENT_TARGET = 5.0;
				OTHER_CFLAGS = "-DNS_BLOCK_ASSERTIONS=1";
				SDKROOT = iphoneos;
				VALIDATE_PRODUCT = YES;
			};
			name = Release;
		};
		43F49C5D151B6EE200E8124F /* Debug */ = {
			isa = XCBuildConfiguration;
			buildSettings = {
				GCC_PRECOMPILE_PREFIX_HEADER = YES;
				GCC_PREFIX_HEADER = "PathMove/PathMove-Prefix.pch";
				INFOPLIST_FILE = "PathMove/PathMove-Info.plist";
				IPHONEOS_DEPLOYMENT_TARGET = 4.3;
				PRODUCT_NAME = "$(TARGET_NAME)";
				WRAPPER_EXTENSION = app;
			};
			name = Debug;
		};
		43F49C5E151B6EE200E8124F /* Release */ = {
			isa = XCBuildConfiguration;
			buildSettings = {
				GCC_PRECOMPILE_PREFIX_HEADER = YES;
				GCC_PREFIX_HEADER = "PathMove/PathMove-Prefix.pch";
				INFOPLIST_FILE = "PathMove/PathMove-Info.plist";
				IPHONEOS_DEPLOYMENT_TARGET = 4.3;
				PRODUCT_NAME = "$(TARGET_NAME)";
				WRAPPER_EXTENSION = app;
			};
			name = Release;
		};
/* End XCBuildConfiguration section */

/* Begin XCConfigurationList section */
		43F49C3E151B6EE200E8124F /* Build configuration list for PBXProject "PathMove" */ = {
			isa = XCConfigurationList;
			buildConfigurations = (
				43F49C5A151B6EE200E8124F /* Debug */,
				43F49C5B151B6EE200E8124F /* Release */,
			);
			defaultConfigurationIsVisible = 0;
			defaultConfigurationName = Release;
		};
		43F49C5C151B6EE200E8124F /* Build configuration list for PBXNativeTarget "PathMove" */ = {
			isa = XCConfigurationList;
			buildConfigurations = (
				43F49C5D151B6EE200E8124F /* Debug */,
				43F49C5E151B6EE200E8124F /* Release */,
			);
			defaultConfigurationIsVisible = 0;
			defaultConfigurationName = Release;
		};
/* End XCConfigurationList section */
	};
	rootObject = 43F49C3B151B6EE200E8124F /* Project object */;
}
